// !$*UTF8*$!
{
	archiveVersion = 1;
	classes = {
	};
	objectVersion = 46;
	objects = {

/* Begin PBXBuildFile section */
		0EFCC3D81C84453F00310BEB /* main.m in Sources */ = {isa = PBXBuildFile; fileRef = 0EFCC3D71C84453F00310BEB /* main.m */; };
		0EFCC3DB1C84453F00310BEB /* AppDelegate.m in Sources */ = {isa = PBXBuildFile; fileRef = 0EFCC3DA1C84453F00310BEB /* AppDelegate.m */; };
		0EFCC3DE1C84453F00310BEB /* ViewController.m in Sources */ = {isa = PBXBuildFile; fileRef = 0EFCC3DD1C84453F00310BEB /* ViewController.m */; };
		0EFCC3E31C84453F00310BEB /* Assets.xcassets in Resources */ = {isa = PBXBuildFile; fileRef = 0EFCC3E21C84453F00310BEB /* Assets.xcassets */; };
		0EFCC3E61C84453F00310BEB /* LaunchScreen.storyboard in Resources */ = {isa = PBXBuildFile; fileRef = 0EFCC3E41C84453F00310BEB /* LaunchScreen.storyboard */; };
		0EFCC3EF1C84454F00310BEB /* PLStepper.m in Sources */ = {isa = PBXBuildFile; fileRef = 0EFCC3EE1C84454F00310BEB /* PLStepper.m */; };
		0EFCC3F11C8445CC00310BEB /* ViewController.xib in Resources */ = {isa = PBXBuildFile; fileRef = 0EFCC3F01C8445CC00310BEB /* ViewController.xib */; };
/* End PBXBuildFile section */

/* Begin PBXFileReference section */
		0EFCC3D31C84453F00310BEB /* PLStepper-master.app */ = {isa = PBXFileReference; explicitFileType = wrapper.application; includeInIndex = 0; path = "PLStepper-master.app"; sourceTree = BUILT_PRODUCTS_DIR; };
		0EFCC3D71C84453F00310BEB /* main.m */ = {isa = PBXFileReference; lastKnownFileType = sourcecode.c.objc; path = main.m; sourceTree = "<group>"; };
		0EFCC3D91C84453F00310BEB /* AppDelegate.h */ = {isa = PBXFileReference; lastKnownFileType = sourcecode.c.h; path = AppDelegate.h; sourceTree = "<group>"; };
		0EFCC3DA1C84453F00310BEB /* AppDelegate.m */ = {isa = PBXFileReference; lastKnownFileType = sourcecode.c.objc; path = AppDelegate.m; sourceTree = "<group>"; };
		0EFCC3DC1C84453F00310BEB /* ViewController.h */ = {isa = PBXFileReference; lastKnownFileType = sourcecode.c.h; path = ViewController.h; sourceTree = "<group>"; };
		0EFCC3DD1C84453F00310BEB /* ViewController.m */ = {isa = PBXFileReference; lastKnownFileType = sourcecode.c.objc; path = ViewController.m; sourceTree = "<group>"; };
		0EFCC3E21C84453F00310BEB /* Assets.xcassets */ = {isa = PBXFileReference; lastKnownFileType = folder.assetcatalog; path = Assets.xcassets; sourceTree = "<group>"; };
		0EFCC3E51C84453F00310BEB /* Base */ = {isa = PBXFileReference; lastKnownFileType = file.storyboard; name = Base; path = Base.lproj/LaunchScreen.storyboard; sourceTree = "<group>"; };
		0EFCC3E71C84453F00310BEB /* Info.plist */ = {isa = PBXFileReference; lastKnownFileType = text.plist.xml; path = Info.plist; sourceTree = "<group>"; };
		0EFCC3ED1C84454F00310BEB /* PLStepper.h */ = {isa = PBXFileReference; fileEncoding = 4; lastKnownFileType = sourcecode.c.h; path = PLStepper.h; sourceTree = "<group>"; };
		0EFCC3EE1C84454F00310BEB /* PLStepper.m */ = {isa = PBXFileReference; fileEncoding = 4; lastKnownFileType = sourcecode.c.objc; path = PLStepper.m; sourceTree = "<group>"; };
		0EFCC3F01C8445CC00310BEB /* ViewController.xib */ = {isa = PBXFileReference; fileEncoding = 4; lastKnownFileType = file.xib; path = ViewController.xib; sourceTree = "<group>"; };
/* End PBXFileReference section */

/* Begin PBXFrameworksBuildPhase section */
		0EFCC3D01C84453F00310BEB /* Frameworks */ = {
			isa = PBXFrameworksBuildPhase;
			buildActionMask = 2147483647;
			files = (
			);
			runOnlyForDeploymentPostprocessing = 0;
		};
/* End PBXFrameworksBuildPhase section */

/* Begin PBXGroup section */
		0EFCC3CA1C84453F00310BEB = {
			isa = PBXGroup;
			children = (
				0EFCC3D51C84453F00310BEB /* PLStepper-master */,
				0EFCC3D41C84453F00310BEB /* Products */,
			);
			sourceTree = "<group>";
		};
		0EFCC3D41C84453F00310BEB /* Products */ = {
			isa = PBXGroup;
			children = (
				0EFCC3D31C84453F00310BEB /* PLStepper-master.app */,
			);
			name = Products;
			sourceTree = "<group>";
		};
		0EFCC3D51C84453F00310BEB /* PLStepper-master */ = {
			isa = PBXGroup;
			children = (
				0EFCC3ED1C84454F00310BEB /* PLStepper.h */,
				0EFCC3EE1C84454F00310BEB /* PLStepper.m */,
				0EFCC3D91C84453F00310BEB /* AppDelegate.h */,
				0EFCC3DA1C84453F00310BEB /* AppDelegate.m */,
				0EFCC3DC1C84453F00310BEB /* ViewController.h */,
				0EFCC3DD1C84453F00310BEB /* ViewController.m */,
				0EFCC3F01C8445CC00310BEB /* ViewController.xib */,
				0EFCC3E21C84453F00310BEB /* Assets.xcassets */,
				0EFCC3E41C84453F00310BEB /* LaunchScreen.storyboard */,
				0EFCC3E71C84453F00310BEB /* Info.plist */,
				0EFCC3D61C84453F00310BEB /* Supporting Files */,
			);
			path = "PLStepper-master";
			sourceTree = "<group>";
		};
		0EFCC3D61C84453F00310BEB /* Supporting Files */ = {
			isa = PBXGroup;
			children = (
				0EFCC3D71C84453F00310BEB /* main.m */,
			);
			name = "Supporting Files";
			sourceTree = "<group>";
		};
/* End PBXGroup section */

/* Begin PBXNativeTarget section */
		0EFCC3D21C84453F00310BEB /* PLStepper-master */ = {
			isa = PBXNativeTarget;
			buildConfigurationList = 0EFCC3EA1C84453F00310BEB /* Build configuration list for PBXNativeTarget "PLStepper-master" */;
			buildPhases = (
				0EFCC3CF1C84453F00310BEB /* Sources */,
				0EFCC3D01C84453F00310BEB /* Frameworks */,
				0EFCC3D11C84453F00310BEB /* Resources */,
			);
			buildRules = (
			);
			dependencies = (
			);
			name = "PLStepper-master";
			productName = "PLStepper-master";
			productReference = 0EFCC3D31C84453F00310BEB /* PLStepper-master.app */;
			productType = "com.apple.product-type.application";
		};
/* End PBXNativeTarget section */

/* Begin PBXProject section */
		0EFCC3CB1C84453F00310BEB /* Project object */ = {
			isa = PBXProject;
			attributes = {
				LastUpgradeCheck = 0720;
				ORGANIZATIONNAME = LINEWIN;
				TargetAttributes = {
					0EFCC3D21C84453F00310BEB = {
						CreatedOnToolsVersion = 7.2;
					};
				};
			};
			buildConfigurationList = 0EFCC3CE1C84453F00310BEB /* Build configuration list for PBXProject "PLStepper-master" */;
			compatibilityVersion = "Xcode 3.2";
			developmentRegion = English;
			hasScannedForEncodings = 0;
			knownRegions = (
				en,
				Base,
			);
			mainGroup = 0EFCC3CA1C84453F00310BEB;
			productRefGroup = 0EFCC3D41C84453F00310BEB /* Products */;
			projectDirPath = "";
			projectRoot = "";
			targets = (
				0EFCC3D21C84453F00310BEB /* PLStepper-master */,
			);
		};
/* End PBXProject section */

/* Begin PBXResourcesBuildPhase section */
		0EFCC3D11C84453F00310BEB /* Resources */ = {
			isa = PBXResourcesBuildPhase;
			buildActionMask = 2147483647;
			files = (
				0EFCC3E61C84453F00310BEB /* LaunchScreen.storyboard in Resources */,
				0EFCC3F11C8445CC00310BEB /* ViewController.xib in Resources */,
				0EFCC3E31C84453F00310BEB /* Assets.xcassets in Resources */,
			);
			runOnlyForDeploymentPostprocessing = 0;
		};
/* End PBXResourcesBuildPhase section */

/* Begin PBXSourcesBuildPhase section */
		0EFCC3CF1C84453F00310BEB /* Sources */ = {
			isa = PBXSourcesBuildPhase;
			buildActionMask = 2147483647;
			files = (
				0EFCC3DE1C84453F00310BEB /* ViewController.m in Sources */,
				0EFCC3EF1C84454F00310BEB /* PLStepper.m in Sources */,
				0EFCC3DB1C84453F00310BEB /* AppDelegate.m in Sources */,
				0EFCC3D81C84453F00310BEB /* main.m in Sources */,
			);
			runOnlyForDeploymentPostprocessing = 0;
		};
/* End PBXSourcesBuildPhase section */

/* Begin PBXVariantGroup section */
		0EFCC3E41C84453F00310BEB /* LaunchScreen.storyboard */ = {
			isa = PBXVariantGroup;
			children = (
				0EFCC3E51C84453F00310BEB /* Base */,
			);
			name = LaunchScreen.storyboard;
			sourceTree = "<group>";
		};
/* End PBXVariantGroup section */

/* Begin XCBuildConfiguration section */
		0EFCC3E81C84453F00310BEB /* Debug */ = {
			isa = XCBuildConfiguration;
			buildSettings = {
				ALWAYS_SEARCH_USER_PATHS = NO;
				CLANG_CXX_LANGUAGE_STANDARD = "gnu++0x";
				CLANG_CXX_LIBRARY = "libc++";
				CLANG_ENABLE_MODULES = YES;
				CLANG_ENABLE_OBJC_ARC = YES;
				CLANG_WARN_BOOL_CONVERSION = YES;
				CLANG_WARN_CONSTANT_CONVERSION = YES;
				CLANG_WARN_DIRECT_OBJC_ISA_USAGE = YES_ERROR;
				CLANG_WARN_EMPTY_BODY = YES;
				CLANG_WARN_ENUM_CONVERSION = YES;
				CLANG_WARN_INT_CONVERSION = YES;
				CLANG_WARN_OBJC_ROOT_CLASS = YES_ERROR;
				CLANG_WARN_UNREACHABLE_CODE = YES;
				CLANG_WARN__DUPLICATE_METHOD_MATCH = YES;
				"CODE_SIGN_IDENTITY[sdk=iphoneos*]" = "iPhone Developer";
				COPY_PHASE_STRIP = NO;
				DEBUG_INFORMATION_FORMAT = dwarf;
				ENABLE_STRICT_OBJC_MSGSEND = YES;
				ENABLE_TESTABILITY = YES;
				GCC_C_LANGUAGE_STANDARD = gnu99;
				GCC_DYNAMIC_NO_PIC = NO;
				GCC_NO_COMMON_BLOCKS = YES;
				GCC_OPTIMIZATION_LEVEL = 0;
				GCC_PREPROCESSOR_DEFINITIONS = (
					"DEBUG=1",
					"$(inherited)",
				);
				GCC_WARN_64_TO_32_BIT_CONVERSION = YES;
				GCC_WARN_ABOUT_RETURN_TYPE = YES_ERROR;
				GCC_WARN_UNDECLARED_SELECTOR = YES;
				GCC_WARN_UNINITIALIZED_AUTOS = YES_AGGRESSIVE;
				GCC_WARN_UNUSED_FUNCTION = YES;
				GCC_WARN_UNUSED_VARIABLE = YES;
				IPHONEOS_DEPLOYMENT_TARGET = 9.2;
				MTL_ENABLE_DEBUG_INFO = YES;
				ONLY_ACTIVE_ARCH = YES;
				SDKROOT = iphoneos;
			};
			name = Debug;
		};
		0EFCC3E91C84453F00310BEB /* Release */ = {
			isa = XCBuildConfiguration;
			buildSettings = {
				ALWAYS_SEARCH_USER_PATHS = NO;
				CLANG_CXX_LANGUAGE_STANDARD = "gnu++0x";
				CLANG_CXX_LIBRARY = "libc++";
				CLANG_ENABLE_MODULES = YES;
				CLANG_ENABLE_OBJC_ARC = YES;
				CLANG_WARN_BOOL_CONVERSION = YES;
				CLANG_WARN_CONSTANT_CONVERSION = YES;
				CLANG_WARN_DIRECT_OBJC_ISA_USAGE = YES_ERROR;
				CLANG_WARN_EMPTY_BODY = YES;
				CLANG_WARN_ENUM_CONVERSION = YES;
				CLANG_WARN_INT_CONVERSION = YES;
				CLANG_WARN_OBJC_ROOT_CLASS = YES_ERROR;
				CLANG_WARN_UNREACHABLE_CODE = YES;
				CLANG_WARN__DUPLICATE_METHOD_MATCH = YES;
				"CODE_SIGN_IDENTITY[sdk=iphoneos*]" = "iPhone Developer";
				COPY_PHASE_STRIP = NO;
				DEBUG_INFORMATION_FORMAT = "dwarf-with-dsym";
				ENABLE_NS_ASSERTIONS = NO;
				ENABLE_STRICT_OBJC_MSGSEND = YES;
				GCC_C_LANGUAGE_STANDARD = gnu99;
				GCC_NO_COMMON_BLOCKS = YES;
				GCC_WARN_64_TO_32_BIT_CONVERSION = YES;
				GCC_WARN_ABOUT_RETURN_TYPE = YES_ERROR;
				GCC_WARN_UNDECLARED_SELECTOR = YES;
				GCC_WARN_UNINITIALIZED_AUTOS = YES_AGGRESSIVE;
				GCC_WARN_UNUSED_FUNCTION = YES;
				GCC_WARN_UNUSED_VARIABLE = YES;
				IPHONEOS_DEPLOYMENT_TARGET = 9.2;
				MTL_ENABLE_DEBUG_INFO = NO;
				SDKROOT = iphoneos;
				VALIDATE_PRODUCT = YES;
			};
			name = Release;
		};
		0EFCC3EB1C84453F00310BEB /* Debug */ = {
			isa = XCBuildConfiguration;
			buildSettings = {
				ASSETCATALOG_COMPILER_APPICON_NAME = AppIcon;
				INFOPLIST_FILE = "PLStepper-master/Info.plist";
				LD_RUNPATH_SEARCH_PATHS = "$(inherited) @executable_path/Frameworks";
				PRODUCT_BUNDLE_IDENTIFIER = "linewin.PLStepper-master";
				PRODUCT_NAME = "$(TARGET_NAME)";
			};
			name = Debug;
		};
		0EFCC3EC1C84453F00310BEB /* Release */ = {
			isa = XCBuildConfiguration;
			buildSettings = {
				ASSETCATALOG_COMPILER_APPICON_NAME = AppIcon;
				INFOPLIST_FILE = "PLStepper-master/Info.plist";
				LD_RUNPATH_SEARCH_PATHS = "$(inherited) @executable_path/Frameworks";
				PRODUCT_BUNDLE_IDENTIFIER = "linewin.PLStepper-master";
				PRODUCT_NAME = "$(TARGET_NAME)";
			};
			name = Release;
		};
/* End XCBuildConfiguration section */

/* Begin XCConfigurationList section */
		0EFCC3CE1C84453F00310BEB /* Build configuration list for PBXProject "PLStepper-master" */ = {
			isa = XCConfigurationList;
			buildConfigurations = (
				0EFCC3E81C84453F00310BEB /* Debug */,
				0EFCC3E91C84453F00310BEB /* Release */,
			);
			defaultConfigurationIsVisible = 0;
			defaultConfigurationName = Release;
		};
		0EFCC3EA1C84453F00310BEB /* Build configuration list for PBXNativeTarget "PLStepper-master" */ = {
			isa = XCConfigurationList;
			buildConfigurations = (
				0EFCC3EB1C84453F00310BEB /* Debug */,
				0EFCC3EC1C84453F00310BEB /* Release */,
			);
			defaultConfigurationIsVisible = 0;
		};
/* End XCConfigurationList section */
	};
	rootObject = 0EFCC3CB1C84453F00310BEB /* Project object */;
}
